
Microsoft Visual Studio Solution File, Format Version 11.00
# Visual Studio 2010
Project("{8BC9CEB8-8B4A-11D0-8D11-00A0C91BC942}") = "GKOM", "Space Invaders 3D\GKOM.vcxproj", "{2F0F30B6-EF42-4A5F-8D53-39C4214F07A2}"
EndProject
Global
	GlobalSection(SolutionConfigurationPlatforms) = preSolution
		Debug|Win32 = Debug|Win32
		Release|Win32 = Release|Win32
	EndGlobalSection
	GlobalSection(ProjectConfigurationPlatforms) = postSolution
		{2F0F30B6-EF42-4A5F-8D53-39C4214F07A2}.Debug|Win32.ActiveCfg = Debug|Win32
		{2F0F30B6-EF42-4A5F-8D53-39C4214F07A2}.Debug|Win32.Build.0 = Debug|Win32
		{2F0F30B6-EF42-4A5F-8D53-39C4214F07A2}.Release|Win32.ActiveCfg = Release|Win32
		{2F0F30B6-EF42-4A5F-8D53-39C4214F07A2}.Release|Win32.Build.0 = Release|Win32
	EndGlobalSection
	GlobalSection(SolutionProperties) = preSolution
		HideSolutionNode = FALSE
	EndGlobalSection
EndGlobal
