<?xml version="1.0" encoding="utf-8"?>
<Project ToolsVersion="4.0" xmlns="http://schemas.microsoft.com/developer/msbuild/2003">
  <ItemGroup>
    <ClCompile Include="main.cpp" />
    <ClCompile Include="Engine\AudioManager.cpp">
      <Filter>Engine</Filter>
    </ClCompile>
    <ClCompile Include="Game\Enemy.cpp">
      <Filter>Game</Filter>
    </ClCompile>
    <ClCompile Include="Engine\Engine.cpp">
      <Filter>Engine</Filter>
    </ClCompile>
    <ClCompile Include="Engine\Extensions.cpp">
      <Filter>Engine</Filter>
    </ClCompile>
    <ClCompile Include="Game\Configuration.cpp">
      <Filter>Engine</Filter>
    </ClCompile>
    <ClCompile Include="Game\Animation.cpp">
      <Filter>Game</Filter>
    </ClCompile>
    <ClCompile Include="Utils\BoundingSphere.cpp">
      <Filter>Utils</Filter>
    </ClCompile>
    <ClCompile Include="Engine\InputManager.cpp">
      <Filter>Engine</Filter>
    </ClCompile>
    <ClCompile Include="Game\GameHud.cpp">
      <Filter>Game</Filter>
    </ClCompile>
    <ClCompile Include="Game\Game.cpp">
      <Filter>Game</Filter>
    </ClCompile>
    <ClCompile Include="Game\GameState.cpp">
      <Filter>Game</Filter>
    </ClCompile>
    <ClCompile Include="Math\Matrix4.cpp">
      <Filter>Math</Filter>
    </ClCompile>
    <ClCompile Include="ResourceManager\Mesh.cpp">
      <Filter>ResourceManager</Filter>
    </ClCompile>
    <ClCompile Include="Game\Player.cpp">
      <Filter>Game</Filter>
    </ClCompile>
    <ClCompile Include="Math\Quatenion.cpp">
      <Filter>Math</Filter>
    </ClCompile>
    <ClCompile Include="Math\Vector3D.cpp">
      <Filter>Math</Filter>
    </ClCompile>
    <ClCompile Include="ResourceManager\Resource.cpp">
      <Filter>ResourceManager</Filter>
    </ClCompile>
    <ClCompile Include="ResourceManager\ResourceManager.cpp">
      <Filter>ResourceManager</Filter>
    </ClCompile>
    <ClCompile Include="Engine\Renderer.cpp">
      <Filter>Engine</Filter>
    </ClCompile>
    <ClCompile Include="Engine\SceneManager.cpp">
      <Filter>Engine</Filter>
    </ClCompile>
    <ClCompile Include="Engine\SceneNode.cpp">
      <Filter>Engine</Filter>
    </ClCompile>
    <ClCompile Include="Game\Sword.cpp">
      <Filter>Game</Filter>
    </ClCompile>
    <ClCompile Include="Engine\Timer.cpp">
      <Filter>Engine</Filter>
    </ClCompile>
    <ClCompile Include="Engine\VBO.cpp">
      <Filter>Engine</Filter>
    </ClCompile>
    <ClCompile Include="Engine\WindowManager.cpp">
      <Filter>Engine</Filter>
    </ClCompile>
    <ClCompile Include="Engine\Shader.cpp">
      <Filter>Engine</Filter>
    </ClCompile>
    <ClCompile Include="Game\World.cpp">
      <Filter>Game</Filter>
    </ClCompile>
    <ClCompile Include="ResourceManager\Texture.cpp">
      <Filter>ResourceManager</Filter>
    </ClCompile>
  </ItemGroup>
  <ItemGroup>
    <ClInclude Include="glext.h" />
    <ClInclude Include="Engine\AudioManager.hpp">
      <Filter>Engine</Filter>
    </ClInclude>
    <ClInclude Include="Game\Enemy.hpp">
      <Filter>Game</Filter>
    </ClInclude>
    <ClInclude Include="Engine\Engine.hpp">
      <Filter>Engine</Filter>
    </ClInclude>
    <ClInclude Include="Game\Configuration.hpp">
      <Filter>Engine</Filter>
    </ClInclude>
    <ClInclude Include="Engine\Device.hpp">
      <Filter>Engine</Filter>
    </ClInclude>
    <ClInclude Include="Engine\Extensions.hpp">
      <Filter>Engine</Filter>
    </ClInclude>
    <ClInclude Include="Game\Animation.hpp">
      <Filter>Game</Filter>
    </ClInclude>
    <ClInclude Include="Utils\BoundingSphere.hpp">
      <Filter>Utils</Filter>
    </ClInclude>
    <ClInclude Include="Utils\Color.hpp">
      <Filter>Utils</Filter>
    </ClInclude>
    <ClInclude Include="Utils\Vertex.hpp">
      <Filter>Utils</Filter>
    </ClInclude>
    <ClInclude Include="Utils\TextureCoord.hpp">
      <Filter>Utils</Filter>
    </ClInclude>
    <ClInclude Include="Utils\Random.hpp">
      <Filter>Utils</Filter>
    </ClInclude>
    <ClInclude Include="Engine\InputManager.hpp">
      <Filter>Engine</Filter>
    </ClInclude>
    <ClInclude Include="Engine\Keyboard.hpp">
      <Filter>Engine</Filter>
    </ClInclude>
    <ClInclude Include="Game\Game.hpp">
      <Filter>Game</Filter>
    </ClInclude>
    <ClInclude Include="Game\GameHud.hpp">
      <Filter>Game</Filter>
    </ClInclude>
    <ClInclude Include="Engine\GamePad.hpp">
      <Filter>Engine</Filter>
    </ClInclude>
    <ClInclude Include="Game\GameState.hpp">
      <Filter>Game</Filter>
    </ClInclude>
    <ClInclude Include="Math\Matrix4.hpp">
      <Filter>Math</Filter>
    </ClInclude>
    <ClInclude Include="ResourceManager\Mesh.hpp">
      <Filter>ResourceManager</Filter>
    </ClInclude>
    <ClInclude Include="Engine\Mouse.hpp">
      <Filter>Engine</Filter>
    </ClInclude>
    <ClInclude Include="Game\Player.hpp">
      <Filter>Game</Filter>
    </ClInclude>
    <ClInclude Include="Math\Quaternion.hpp">
      <Filter>Math</Filter>
    </ClInclude>
    <ClInclude Include="Math\Vector3D.hpp">
      <Filter>Math</Filter>
    </ClInclude>
    <ClInclude Include="ResourceManager\Resource.hpp">
      <Filter>ResourceManager</Filter>
    </ClInclude>
    <ClInclude Include="ResourceManager\ResourceManager.hpp">
      <Filter>ResourceManager</Filter>
    </ClInclude>
    <ClInclude Include="ResourceManager\ResourceType.hpp">
      <Filter>Engine</Filter>
    </ClInclude>
    <ClInclude Include="Engine\SceneEntity.hpp">
      <Filter>Engine</Filter>
    </ClInclude>
    <ClInclude Include="Engine\Renderer.hpp">
      <Filter>Engine</Filter>
    </ClInclude>
    <ClInclude Include="Engine\SceneManager.hpp">
      <Filter>Engine</Filter>
    </ClInclude>
    <ClInclude Include="Engine\SceneNode.hpp">
      <Filter>Engine</Filter>
    </ClInclude>
    <ClInclude Include="Game\Sword.hpp">
      <Filter>Game</Filter>
    </ClInclude>
    <ClInclude Include="Engine\Timer.hpp">
      <Filter>Engine</Filter>
    </ClInclude>
    <ClInclude Include="Engine\VBO.hpp">
      <Filter>Engine</Filter>
    </ClInclude>
    <ClInclude Include="Engine\WindowManager.hpp">
      <Filter>Engine</Filter>
    </ClInclude>
    <ClInclude Include="Engine\Shader.hpp">
      <Filter>Engine</Filter>
    </ClInclude>
    <ClInclude Include="Game\World.hpp">
      <Filter>Game</Filter>
    </ClInclude>
    <ClInclude Include="ResourceManager\Texture.hpp">
      <Filter>ResourceManager</Filter>
    </ClInclude>
    <ClInclude Include="ResourceManager\TypeNotFoundException.hpp">
      <Filter>ResourceManager</Filter>
    </ClInclude>
  </ItemGroup>
  <ItemGroup>
    <Filter Include="Engine">
      <UniqueIdentifier>{a1447673-6992-40bd-ae1c-9a059e805df9}</UniqueIdentifier>
    </Filter>
    <Filter Include="Game">
      <UniqueIdentifier>{18632f54-67da-4972-ae8e-52c76169a48f}</UniqueIdentifier>
    </Filter>
    <Filter Include="ResourceManager">
      <UniqueIdentifier>{a18498d0-e058-4231-9305-32b560d7c954}</UniqueIdentifier>
    </Filter>
    <Filter Include="Utils">
      <UniqueIdentifier>{ff20fd4f-f322-4297-9b62-ada894e002fa}</UniqueIdentifier>
    </Filter>
    <Filter Include="Math">
      <UniqueIdentifier>{fddbe332-17ad-4c6d-b252-5b77c3764331}</UniqueIdentifier>
    </Filter>
  </ItemGroup>
</Project>